
Microsoft Visual Studio Solution File, Format Version 12.00
# Visual Studio 14
VisualStudioVersion = 14.0.23107.0
MinimumVisualStudioVersion = 10.0.40219.1
Project("{2150E333-8FDC-42A3-9474-1A3956D46DE8}") = ".nuget", ".nuget", "{E8751EDA-8D3B-4DD8-AE0B-B096314D522E}"
	ProjectSection(SolutionItems) = preProject
		.nuget\NuGet.Config = .nuget\NuGet.Config
		.nuget\NuGet.exe = .nuget\NuGet.exe
		.nuget\NuGet.targets = .nuget\NuGet.targets
	EndProjectSection
EndProject
Project("{FAE04EC0-301F-11D3-BF4B-00C04F79EFBC}") = "Appointments", "Appointments\Appointments.csproj", "{0225833B-83B9-48BB-8BE5-5D3A14C3C730}"
EndProject
Project("{FAE04EC0-301F-11D3-BF4B-00C04F79EFBC}") = "Bnhp.RunitChanel", "Bnhp.RunitChannel\Bnhp.RunitChanel.csproj", "{FF1FD4DD-3347-422C-9A82-4710403C7CAA}"
EndProject
Project("{FAE04EC0-301F-11D3-BF4B-00C04F79EFBC}") = "RunitTest", "RunitTest\RunitTest.csproj", "{8CC4D91E-510F-40F7-9B07-0BF891B52E82}"
EndProject
Project("{FAE04EC0-301F-11D3-BF4B-00C04F79EFBC}") = "Cmdlets", "Cmdlets\Cmdlets.csproj", "{69F6DD52-1C9F-4EEF-8F10-4C2580B325DE}"
EndProject
Project("{FAE04EC0-301F-11D3-BF4B-00C04F79EFBC}") = "ESServiceTest", "ESServiceTest\ESServiceTest.csproj", "{C9765981-0257-4836-8195-B08EF536F3F5}"
EndProject
Project("{FAE04EC0-301F-11D3-BF4B-00C04F79EFBC}") = "RulesEngine", "EMailHandlers\RulesEngine.csproj", "{5B6619A3-FAFA-4F6D-8A18-C2B5206858AB}"
EndProject
Project("{FAE04EC0-301F-11D3-BF4B-00C04F79EFBC}") = "Mailer", "Mailer\Mailer.csproj", "{43F0D83D-50E6-4B2F-977A-CC01E286E1D8}"
	ProjectSection(ProjectDependencies) = postProject
		{0225833B-83B9-48BB-8BE5-5D3A14C3C730} = {0225833B-83B9-48BB-8BE5-5D3A14C3C730}
	EndProjectSection
EndProject
Global
	GlobalSection(SolutionConfigurationPlatforms) = preSolution
		Debug|Any CPU = Debug|Any CPU
		Debug|ARM = Debug|ARM
		Debug|x64 = Debug|x64
		Debug|x86 = Debug|x86
		Release|Any CPU = Release|Any CPU
		Release|ARM = Release|ARM
		Release|x64 = Release|x64
		Release|x86 = Release|x86
	EndGlobalSection
	GlobalSection(ProjectConfigurationPlatforms) = postSolution
		{0225833B-83B9-48BB-8BE5-5D3A14C3C730}.Debug|Any CPU.ActiveCfg = Debug|Any CPU
		{0225833B-83B9-48BB-8BE5-5D3A14C3C730}.Debug|Any CPU.Build.0 = Debug|Any CPU
		{0225833B-83B9-48BB-8BE5-5D3A14C3C730}.Debug|ARM.ActiveCfg = Debug|Any CPU
		{0225833B-83B9-48BB-8BE5-5D3A14C3C730}.Debug|x64.ActiveCfg = Debug|Any CPU
		{0225833B-83B9-48BB-8BE5-5D3A14C3C730}.Debug|x86.ActiveCfg = Debug|Any CPU
		{0225833B-83B9-48BB-8BE5-5D3A14C3C730}.Release|Any CPU.ActiveCfg = Release|Any CPU
		{0225833B-83B9-48BB-8BE5-5D3A14C3C730}.Release|Any CPU.Build.0 = Release|Any CPU
		{0225833B-83B9-48BB-8BE5-5D3A14C3C730}.Release|ARM.ActiveCfg = Release|Any CPU
		{0225833B-83B9-48BB-8BE5-5D3A14C3C730}.Release|x64.ActiveCfg = Release|Any CPU
		{0225833B-83B9-48BB-8BE5-5D3A14C3C730}.Release|x86.ActiveCfg = Release|Any CPU
		{FF1FD4DD-3347-422C-9A82-4710403C7CAA}.Debug|Any CPU.ActiveCfg = Debug|Any CPU
		{FF1FD4DD-3347-422C-9A82-4710403C7CAA}.Debug|Any CPU.Build.0 = Debug|Any CPU
		{FF1FD4DD-3347-422C-9A82-4710403C7CAA}.Debug|ARM.ActiveCfg = Debug|Any CPU
		{FF1FD4DD-3347-422C-9A82-4710403C7CAA}.Debug|x64.ActiveCfg = Debug|Any CPU
		{FF1FD4DD-3347-422C-9A82-4710403C7CAA}.Debug|x86.ActiveCfg = Debug|Any CPU
		{FF1FD4DD-3347-422C-9A82-4710403C7CAA}.Release|Any CPU.ActiveCfg = Release|Any CPU
		{FF1FD4DD-3347-422C-9A82-4710403C7CAA}.Release|Any CPU.Build.0 = Release|Any CPU
		{FF1FD4DD-3347-422C-9A82-4710403C7CAA}.Release|ARM.ActiveCfg = Release|Any CPU
		{FF1FD4DD-3347-422C-9A82-4710403C7CAA}.Release|x64.ActiveCfg = Release|Any CPU
		{FF1FD4DD-3347-422C-9A82-4710403C7CAA}.Release|x86.ActiveCfg = Release|Any CPU
		{8CC4D91E-510F-40F7-9B07-0BF891B52E82}.Debug|Any CPU.ActiveCfg = Debug|Any CPU
		{8CC4D91E-510F-40F7-9B07-0BF891B52E82}.Debug|Any CPU.Build.0 = Debug|Any CPU
		{8CC4D91E-510F-40F7-9B07-0BF891B52E82}.Debug|ARM.ActiveCfg = Debug|Any CPU
		{8CC4D91E-510F-40F7-9B07-0BF891B52E82}.Debug|x64.ActiveCfg = Debug|Any CPU
		{8CC4D91E-510F-40F7-9B07-0BF891B52E82}.Debug|x86.ActiveCfg = Debug|Any CPU
		{8CC4D91E-510F-40F7-9B07-0BF891B52E82}.Release|Any CPU.ActiveCfg = Release|Any CPU
		{8CC4D91E-510F-40F7-9B07-0BF891B52E82}.Release|Any CPU.Build.0 = Release|Any CPU
		{8CC4D91E-510F-40F7-9B07-0BF891B52E82}.Release|ARM.ActiveCfg = Release|Any CPU
		{8CC4D91E-510F-40F7-9B07-0BF891B52E82}.Release|x64.ActiveCfg = Release|Any CPU
		{8CC4D91E-510F-40F7-9B07-0BF891B52E82}.Release|x86.ActiveCfg = Release|Any CPU
		{69F6DD52-1C9F-4EEF-8F10-4C2580B325DE}.Debug|Any CPU.ActiveCfg = Debug|Any CPU
		{69F6DD52-1C9F-4EEF-8F10-4C2580B325DE}.Debug|Any CPU.Build.0 = Debug|Any CPU
		{69F6DD52-1C9F-4EEF-8F10-4C2580B325DE}.Debug|ARM.ActiveCfg = Debug|Any CPU
		{69F6DD52-1C9F-4EEF-8F10-4C2580B325DE}.Debug|x64.ActiveCfg = Debug|Any CPU
		{69F6DD52-1C9F-4EEF-8F10-4C2580B325DE}.Debug|x86.ActiveCfg = Debug|Any CPU
		{69F6DD52-1C9F-4EEF-8F10-4C2580B325DE}.Release|Any CPU.ActiveCfg = Release|Any CPU
		{69F6DD52-1C9F-4EEF-8F10-4C2580B325DE}.Release|Any CPU.Build.0 = Release|Any CPU
		{69F6DD52-1C9F-4EEF-8F10-4C2580B325DE}.Release|ARM.ActiveCfg = Release|Any CPU
		{69F6DD52-1C9F-4EEF-8F10-4C2580B325DE}.Release|x64.ActiveCfg = Release|Any CPU
		{69F6DD52-1C9F-4EEF-8F10-4C2580B325DE}.Release|x86.ActiveCfg = Release|Any CPU
		{C9765981-0257-4836-8195-B08EF536F3F5}.Debug|Any CPU.ActiveCfg = Debug|Any CPU
		{C9765981-0257-4836-8195-B08EF536F3F5}.Debug|Any CPU.Build.0 = Debug|Any CPU
		{C9765981-0257-4836-8195-B08EF536F3F5}.Debug|ARM.ActiveCfg = Debug|Any CPU
		{C9765981-0257-4836-8195-B08EF536F3F5}.Debug|ARM.Build.0 = Debug|Any CPU
		{C9765981-0257-4836-8195-B08EF536F3F5}.Debug|x64.ActiveCfg = Debug|Any CPU
		{C9765981-0257-4836-8195-B08EF536F3F5}.Debug|x64.Build.0 = Debug|Any CPU
		{C9765981-0257-4836-8195-B08EF536F3F5}.Debug|x86.ActiveCfg = Debug|Any CPU
		{C9765981-0257-4836-8195-B08EF536F3F5}.Debug|x86.Build.0 = Debug|Any CPU
		{C9765981-0257-4836-8195-B08EF536F3F5}.Release|Any CPU.ActiveCfg = Release|Any CPU
		{C9765981-0257-4836-8195-B08EF536F3F5}.Release|Any CPU.Build.0 = Release|Any CPU
		{C9765981-0257-4836-8195-B08EF536F3F5}.Release|ARM.ActiveCfg = Release|Any CPU
		{C9765981-0257-4836-8195-B08EF536F3F5}.Release|ARM.Build.0 = Release|Any CPU
		{C9765981-0257-4836-8195-B08EF536F3F5}.Release|x64.ActiveCfg = Release|Any CPU
		{C9765981-0257-4836-8195-B08EF536F3F5}.Release|x64.Build.0 = Release|Any CPU
		{C9765981-0257-4836-8195-B08EF536F3F5}.Release|x86.ActiveCfg = Release|Any CPU
		{C9765981-0257-4836-8195-B08EF536F3F5}.Release|x86.Build.0 = Release|Any CPU
		{5B6619A3-FAFA-4F6D-8A18-C2B5206858AB}.Debug|Any CPU.ActiveCfg = Debug|Any CPU
		{5B6619A3-FAFA-4F6D-8A18-C2B5206858AB}.Debug|Any CPU.Build.0 = Debug|Any CPU
		{5B6619A3-FAFA-4F6D-8A18-C2B5206858AB}.Debug|ARM.ActiveCfg = Debug|Any CPU
		{5B6619A3-FAFA-4F6D-8A18-C2B5206858AB}.Debug|x64.ActiveCfg = Debug|Any CPU
		{5B6619A3-FAFA-4F6D-8A18-C2B5206858AB}.Debug|x86.ActiveCfg = Debug|Any CPU
		{5B6619A3-FAFA-4F6D-8A18-C2B5206858AB}.Release|Any CPU.ActiveCfg = Release|Any CPU
		{5B6619A3-FAFA-4F6D-8A18-C2B5206858AB}.Release|Any CPU.Build.0 = Release|Any CPU
		{5B6619A3-FAFA-4F6D-8A18-C2B5206858AB}.Release|ARM.ActiveCfg = Release|Any CPU
		{5B6619A3-FAFA-4F6D-8A18-C2B5206858AB}.Release|x64.ActiveCfg = Release|Any CPU
		{5B6619A3-FAFA-4F6D-8A18-C2B5206858AB}.Release|x86.ActiveCfg = Release|Any CPU
		{43F0D83D-50E6-4B2F-977A-CC01E286E1D8}.Debug|Any CPU.ActiveCfg = Debug|Any CPU
		{43F0D83D-50E6-4B2F-977A-CC01E286E1D8}.Debug|Any CPU.Build.0 = Debug|Any CPU
		{43F0D83D-50E6-4B2F-977A-CC01E286E1D8}.Debug|ARM.ActiveCfg = Debug|Any CPU
		{43F0D83D-50E6-4B2F-977A-CC01E286E1D8}.Debug|ARM.Build.0 = Debug|Any CPU
		{43F0D83D-50E6-4B2F-977A-CC01E286E1D8}.Debug|x64.ActiveCfg = Debug|Any CPU
		{43F0D83D-50E6-4B2F-977A-CC01E286E1D8}.Debug|x64.Build.0 = Debug|Any CPU
		{43F0D83D-50E6-4B2F-977A-CC01E286E1D8}.Debug|x86.ActiveCfg = Debug|Any CPU
		{43F0D83D-50E6-4B2F-977A-CC01E286E1D8}.Debug|x86.Build.0 = Debug|Any CPU
		{43F0D83D-50E6-4B2F-977A-CC01E286E1D8}.Release|Any CPU.ActiveCfg = Release|Any CPU
		{43F0D83D-50E6-4B2F-977A-CC01E286E1D8}.Release|Any CPU.Build.0 = Release|Any CPU
		{43F0D83D-50E6-4B2F-977A-CC01E286E1D8}.Release|ARM.ActiveCfg = Release|Any CPU
		{43F0D83D-50E6-4B2F-977A-CC01E286E1D8}.Release|ARM.Build.0 = Release|Any CPU
		{43F0D83D-50E6-4B2F-977A-CC01E286E1D8}.Release|x64.ActiveCfg = Release|Any CPU
		{43F0D83D-50E6-4B2F-977A-CC01E286E1D8}.Release|x64.Build.0 = Release|Any CPU
		{43F0D83D-50E6-4B2F-977A-CC01E286E1D8}.Release|x86.ActiveCfg = Release|Any CPU
		{43F0D83D-50E6-4B2F-977A-CC01E286E1D8}.Release|x86.Build.0 = Release|Any CPU
	EndGlobalSection
	GlobalSection(SolutionProperties) = preSolution
		HideSolutionNode = FALSE
	EndGlobalSection
EndGlobal
